
Microsoft Visual Studio Solution File, Format Version 12.00
# Visual Studio Version 16
VisualStudioVersion = 16.0.31205.134
MinimumVisualStudioVersion = 10.0.40219.1
Project("{9A19103F-16F7-4668-BE54-9A1E7A4F7556}") = "RansomWatcherV2", "RansomWatcherV2\RansomWatcherV2.csproj", "{64E85794-C68A-4EB4-9746-0B3F36396437}"
EndProject
Global
	GlobalSection(SolutionConfigurationPlatforms) = preSolution
		Debug|Any CPU = Debug|Any CPU
		Release|Any CPU = Release|Any CPU
	EndGlobalSection
	GlobalSection(ProjectConfigurationPlatforms) = postSolution
		{64E85794-C68A-4EB4-9746-0B3F36396437}.Debug|Any CPU.ActiveCfg = Debug|Any CPU
		{64E85794-C68A-4EB4-9746-0B3F36396437}.Debug|Any CPU.Build.0 = Debug|Any CPU
		{64E85794-C68A-4EB4-9746-0B3F36396437}.Release|Any CPU.ActiveCfg = Release|Any CPU
		{64E85794-C68A-4EB4-9746-0B3F36396437}.Release|Any CPU.Build.0 = Release|Any CPU
	EndGlobalSection
	GlobalSection(SolutionProperties) = preSolution
		HideSolutionNode = FALSE
	EndGlobalSection
	GlobalSection(ExtensibilityGlobals) = postSolution
		SolutionGuid = {BC07847B-0380-4980-A247-D5FE3F129AE1}
	EndGlobalSection
EndGlobal
